
Microsoft Visual Studio Solution File, Format Version 12.00
# Visual Studio Version 17
VisualStudioVersion = 17.8.34322.80
MinimumVisualStudioVersion = 10.0.40219.1
Project("{FAE04EC0-301F-11D3-BF4B-00C04F79EFBC}") = "MetodoSaw", "MetodoSaw.csproj", "{A6ACF658-6363-44E6-AA57-9713546841C8}"
EndProject
Global
	GlobalSection(SolutionConfigurationPlatforms) = preSolution
		Debug|Any CPU = Debug|Any CPU
		Release|Any CPU = Release|Any CPU
	EndGlobalSection
	GlobalSection(ProjectConfigurationPlatforms) = postSolution
		{A6ACF658-6363-44E6-AA57-9713546841C8}.Debug|Any CPU.ActiveCfg = Debug|Any CPU
		{A6ACF658-6363-44E6-AA57-9713546841C8}.Debug|Any CPU.Build.0 = Debug|Any CPU
		{A6ACF658-6363-44E6-AA57-9713546841C8}.Release|Any CPU.ActiveCfg = Release|Any CPU
		{A6ACF658-6363-44E6-AA57-9713546841C8}.Release|Any CPU.Build.0 = Release|Any CPU
	EndGlobalSection
	GlobalSection(SolutionProperties) = preSolution
		HideSolutionNode = FALSE
	EndGlobalSection
	GlobalSection(ExtensibilityGlobals) = postSolution
		SolutionGuid = {861CCBA7-F4AA-4216-93E7-9D2327C5ABED}
	EndGlobalSection
EndGlobal
